{
  "name": "api-tinyhttp",
  "version": "1.0.0",
  "lockfileVersion": 2,
  "requires": true,
  "packages": {
    "": {
      "name": "api-tinyhttp",
      "version": "1.0.0",
      "license": "ISC",
      "dependencies": {
        "@tinyhttp/app": "^2.0.12"
      }
    },
    "node_modules/@tinyhttp/accepts": {
      "version": "2.0.4",
      "resolved": "https://registry.npmjs.org/@tinyhttp/accepts/-/accepts-2.0.4.tgz",
      "integrity": "sha512-Qz+ReA+DaXCNKdzicVZhl4qUhGpLKQ8vYNMU+pm3PtSBwY32wXw+k0nh6+XBhrKnZ4/o8QeMCV5x7XTtJfW//Q==",
      "dependencies": {
        "es-mime-types": "^0.1.4",
        "negotiator": "^0.6.2"
      },
      "engines": {
        "node": ">=12.4.0"
      },
      "funding": {
        "type": "individual",
        "url": "https://github.com/tinyhttp/tinyhttp?sponsor=1"
      }
    },
    "node_modules/@tinyhttp/app": {
      "version": "2.0.12",
      "resolved": "https://registry.npmjs.org/@tinyhttp/app/-/app-2.0.12.tgz",
      "integrity": "sha512-8Vjx1FPAqgLfjEHngAA0kWiodFmf6lInhUzCEqeucQgosYxMBo+89zmzNR4cSRCvNLq6Unvqvlwl1JJztFrbYw==",
      "dependencies": {
        "@tinyhttp/cookie": "2.0.3",
        "@tinyhttp/proxy-addr": "2.0.2",
        "@tinyhttp/req": "2.0.8",
        "@tinyhttp/res": "2.0.9",
        "@tinyhttp/router": "2.0.4",
        "header-range-parser": "^1.1.1",
        "regexparam": "^2.0.0"
      },
      "engines": {
        "node": ">=12.x"
      },
      "funding": {
        "type": "individual",
        "url": "https://github.com/tinyhttp/tinyhttp?sponsor=1"
      }
    },
    "node_modules/@tinyhttp/content-disposition": {
      "version": "2.0.4",
      "resolved": "https://registry.npmjs.org/@tinyhttp/content-disposition/-/content-disposition-2.0.4.tgz",
      "integrity": "sha512-SGU8nVfDbiJa5eCA7BWUEMjSaf/b6nLQHEzuzmKhA3BIGHuBWXSIcr1dGeLopmohQoZkIQfk5psM5TOgVgrraA==",
      "engines": {
        "node": ">=12.4.0"
      },
      "funding": {
        "type": "individual",
        "url": "https://github.com/tinyhttp/tinyhttp?sponsor=1"
      }
    },
    "node_modules/@tinyhttp/cookie": {
      "version": "2.0.3",
      "resolved": "https://registry.npmjs.org/@tinyhttp/cookie/-/cookie-2.0.3.tgz",
      "integrity": "sha512-ZHvDHyNc0VwKLgFqwCNbrMObJqJHKQNnMARdPlK2+VvKVB3h/ZT5kYAXYFxxWFJFNqXaXz0E7i2kX32bMeMGUw==",
      "engines": {
        "node": ">=12.4.0"
      },
      "funding": {
        "type": "individual",
        "url": "https://github.com/tinyhttp/tinyhttp?sponsor=1"
      }
    },
    "node_modules/@tinyhttp/cookie-signature": {
      "version": "2.0.2",
      "resolved": "https://registry.npmjs.org/@tinyhttp/cookie-signature/-/cookie-signature-2.0.2.tgz",
      "integrity": "sha512-lyIdDzLILp6T2fymJn9zKBgXwlZMIUiqMUIEd4x/ZGFNvnNs/zeYDBQFdAygBtv4Bgl5Zpf6tN+e6fkj6TlMYQ==",
      "engines": {
        "node": ">=12.4.0"
      }
    },
    "node_modules/@tinyhttp/encode-url": {
      "version": "2.0.3",
      "resolved": "https://registry.npmjs.org/@tinyhttp/encode-url/-/encode-url-2.0.3.tgz",
      "integrity": "sha512-bAKjBLhYTZZgLphZ9B09Q8bQ39RejEiB1+3Rjjmkb/Q2cIKOWvRNTgkeQ3D6ITefxW9KMPE9eab51PPYhFbvbg==",
      "engines": {
        "node": ">=12.4.0"
      }
    },
    "node_modules/@tinyhttp/etag": {
      "version": "2.0.2",
      "resolved": "https://registry.npmjs.org/@tinyhttp/etag/-/etag-2.0.2.tgz",
      "integrity": "sha512-utxkv5skxWJESUAKZk7F11DcgBiE4vBXiPfnWZcGNZDa6T372V2ESUD2Y7fV85bsC1/4ZrnnmS7lg9Nd401oLw==",
      "engines": {
        "node": ">=12.4.0"
      }
    },
    "node_modules/@tinyhttp/forwarded": {
      "version": "2.0.2",
      "resolved": "https://registry.npmjs.org/@tinyhttp/forwarded/-/forwarded-2.0.2.tgz",
      "integrity": "sha512-q+l7xMyN7buYjUfWbepLM36lI7FZmv+sm0arqzFGrTVWfEbKLiHTv+5c7H3O8/aYcxuyR4cBUrmwT6jw4dZhFw==",
      "engines": {
        "node": ">=12.4.0"
      }
    },
    "node_modules/@tinyhttp/proxy-addr": {
      "version": "2.0.2",
      "resolved": "https://registry.npmjs.org/@tinyhttp/proxy-addr/-/proxy-addr-2.0.2.tgz",
      "integrity": "sha512-wuXpzG9XsUQ2/YvCL5BSvp1JXc5HIuXlVJhMqdC0wv8iKF3hHv62H5XVd/wvzo/OWgiqt4hjxA4wITzND5Ed+g==",
      "dependencies": {
        "@tinyhttp/forwarded": "2.0.2",
        "ipaddr.js": "^2.0.1"
      },
      "engines": {
        "node": ">=12.4.0"
      }
    },
    "node_modules/@tinyhttp/req": {
      "version": "2.0.8",
      "resolved": "https://registry.npmjs.org/@tinyhttp/req/-/req-2.0.8.tgz",
      "integrity": "sha512-Hndl83KEHJd2oDw2kdg1NmroYj1fjPBRpVXbgmbJ3+Yz5yInaugnbD1FAjL2sPX0ZMwDF+x3wlBrULRGQzccxw==",
      "dependencies": {
        "@tinyhttp/accepts": "2.0.4",
        "@tinyhttp/type-is": "2.0.3",
        "@tinyhttp/url": "2.0.3",
        "es-fresh": "^0.0.10",
        "header-range-parser": "^1.1.1"
      },
      "engines": {
        "node": ">=12.4.0"
      }
    },
    "node_modules/@tinyhttp/res": {
      "version": "2.0.9",
      "resolved": "https://registry.npmjs.org/@tinyhttp/res/-/res-2.0.9.tgz",
      "integrity": "sha512-twHhwFiGah3i9erm9Ky7fIxVYTmE7qJCNp1F11XkYHx6ZrG6gNR/xDcsmde8cak+jJOrLBX62rjcSSAMUqPpZQ==",
      "dependencies": {
        "@tinyhttp/content-disposition": "2.0.4",
        "@tinyhttp/cookie": "2.0.3",
        "@tinyhttp/cookie-signature": "2.0.2",
        "@tinyhttp/encode-url": "2.0.3",
        "@tinyhttp/req": "2.0.8",
        "@tinyhttp/send": "2.0.3",
        "es-escape-html": "^0.1.1",
        "es-mime-types": "^0.1.4",
        "es-vary": "^0.1.1"
      },
      "engines": {
        "node": ">=12.4.0"
      }
    },
    "node_modules/@tinyhttp/router": {
      "version": "2.0.4",
      "resolved": "https://registry.npmjs.org/@tinyhttp/router/-/router-2.0.4.tgz",
      "integrity": "sha512-mO8jWrB951UTkX8akzhHa5UMjQKleNhbQDnd4EZSA7VOXE9n28tqHmYgg1G/czDL6gwRl6Bppj5crJIbvMDGwg==",
      "engines": {
        "node": ">=12.4.0"
      }
    },
    "node_modules/@tinyhttp/send": {
      "version": "2.0.3",
      "resolved": "https://registry.npmjs.org/@tinyhttp/send/-/send-2.0.3.tgz",
      "integrity": "sha512-oU4Q6NJzXJeOVCdYbgtOFlq5viEpKUFkZVpbF5AqFD64yzPp2vX9MuiSVvrIzL9Ls2qR+OzWsrwuXIkKzjW+xg==",
      "dependencies": {
        "@tinyhttp/etag": "2.0.2",
        "es-content-type": "^0.1.0",
        "es-mime-types": "^0.1.4"
      },
      "engines": {
        "node": ">=12.4.0"
      }
    },
    "node_modules/@tinyhttp/type-is": {
      "version": "2.0.3",
      "resolved": "https://registry.npmjs.org/@tinyhttp/type-is/-/type-is-2.0.3.tgz",
      "integrity": "sha512-vmOvbI7dSue4oV5JRbEpgJGgsfQE/Gd6eqEIhdeRO0jcVUzJaYx2/XvBGbBG9Mo8MGFjiEiq7qBzeOFctCmXBw==",
      "dependencies": {
        "es-content-type": "^0.1.0",
        "es-mime-types": "^0.1.4"
      },
      "engines": {
        "node": ">=12.4.0"
      }
    },
    "node_modules/@tinyhttp/url": {
      "version": "2.0.3",
      "resolved": "https://registry.npmjs.org/@tinyhttp/url/-/url-2.0.3.tgz",
      "integrity": "sha512-0KRWSE0W4hjejHJ1ksmUIIp3Rvn/6nDa5sYQ7gjwsixYQ8J8vTSOtPI7FOkH9M/evsnCGrCYp5JNBnqTjkShTw==",
      "engines": {
        "node": ">=12.4.0"
      }
    },
    "node_modules/es-content-type": {
      "version": "0.1.0",
      "resolved": "https://registry.npmjs.org/es-content-type/-/es-content-type-0.1.0.tgz",
      "integrity": "sha512-DqWU9pSzhNlO10q+NQ/KebImLkKbwbcy0pSv3hNQfEpKFHsrqDJz2vajpZdq7nkiG9DoJcTh22oHGymp7XJd9g==",
      "engines": {
        "node": ">=12.x"
      }
    },
    "node_modules/es-escape-html": {
      "version": "0.1.1",
      "resolved": "https://registry.npmjs.org/es-escape-html/-/es-escape-html-0.1.1.tgz",
      "integrity": "sha512-yUx1o+8RsG7UlszmYPtks+dm6Lho2m8lgHMOsLJQsFI0R8XwUJwiMhM1M4E/S8QLeGyf6MkDV/pWgjQ0tdTSyQ==",
      "engines": {
        "node": ">=12.x"
      }
    },
    "node_modules/es-fresh": {
      "version": "0.0.10",
      "resolved": "https://registry.npmjs.org/es-fresh/-/es-fresh-0.0.10.tgz",
      "integrity": "sha512-/e5etUqtxj7JktALldpsDNC84DOHavN9PqojnTTGeX1M2/Q4/SF8d55d7AsB3n66WYS43hdBbn0sAllto5kSIg==",
      "engines": {
        "node": ">=12.x"
      }
    },
    "node_modules/es-mime-types": {
      "version": "0.1.4",
      "resolved": "https://registry.npmjs.org/es-mime-types/-/es-mime-types-0.1.4.tgz",
      "integrity": "sha512-rUrmfrUIHU/4ykYB+YH80LDiSpmn6sE/A9E8EsFZP4LCtf/PH+ju6d6goFJ8fsGf81pRtQn1cJSmp8JGA9YkfQ==",
      "dependencies": {
        "mime-db": "^1.50.0"
      },
      "engines": {
        "node": ">=12.x"
      }
    },
    "node_modules/es-vary": {
      "version": "0.1.1",
      "resolved": "https://registry.npmjs.org/es-vary/-/es-vary-0.1.1.tgz",
      "integrity": "sha512-4UOWrTu8lz5otSyWxcS0LbYz8WyYOEiWHGkBIu0VfhTsY+vtc7+fOSDHsxtEUBeu7mDnTwqsKg5NEXeq5Da1Hg==",
      "engines": {
        "node": ">=12.x"
      }
    },
    "node_modules/header-range-parser": {
      "version": "1.1.1",
      "resolved": "https://registry.npmjs.org/header-range-parser/-/header-range-parser-1.1.1.tgz",
      "integrity": "sha512-aVuAHdlgxPCMkOtKTdUoH72eAHEAqmZqA+oQxvDv1DkYS50KgCt218AYd89/+Pd7+TFQimzn/9LNVfUPEBbRDQ==",
      "engines": {
        "node": ">=12.22.0"
      }
    },
    "node_modules/ipaddr.js": {
      "version": "2.0.1",
      "resolved": "https://registry.npmjs.org/ipaddr.js/-/ipaddr.js-2.0.1.tgz",
      "integrity": "sha512-1qTgH9NG+IIJ4yfKs2e6Pp1bZg8wbDbKHT21HrLIeYBTRLgMYKnMTPAuI3Lcs61nfx5h1xlXnbJtH1kX5/d/ng==",
      "engines": {
        "node": ">= 10"
      }
    },
    "node_modules/mime-db": {
      "version": "1.51.0",
      "resolved": "https://registry.npmjs.org/mime-db/-/mime-db-1.51.0.tgz",
      "integrity": "sha512-5y8A56jg7XVQx2mbv1lu49NR4dokRnhZYTtL+KGfaa27uq4pSTXkwQkFJl4pkRMyNFz/EtYDSkiiEHx3F7UN6g==",
      "engines": {
        "node": ">= 0.6"
      }
    },
    "node_modules/negotiator": {
      "version": "0.6.2",
      "resolved": "https://registry.npmjs.org/negotiator/-/negotiator-0.6.2.tgz",
      "integrity": "sha512-hZXc7K2e+PgeI1eDBe/10Ard4ekbfrrqG8Ep+8Jmf4JID2bNg7NvCPOZN+kfF574pFQI7mum2AUqDidoKqcTOw==",
      "engines": {
        "node": ">= 0.6"
      }
    },
    "node_modules/regexparam": {
      "version": "2.0.0",
      "resolved": "https://registry.npmjs.org/regexparam/-/regexparam-2.0.0.tgz",
      "integrity": "sha512-gJKwd2MVPWHAIFLsaYDZfyKzHNS4o7E/v8YmNf44vmeV2e4YfVoDToTOKTvE7ab68cRJ++kLuEXJBaEeJVt5ow==",
      "engines": {
        "node": ">=8"
      }
    }
  },
  "dependencies": {
    "@tinyhttp/accepts": {
      "version": "2.0.4",
      "resolved": "https://registry.npmjs.org/@tinyhttp/accepts/-/accepts-2.0.4.tgz",
      "integrity": "sha512-Qz+ReA+DaXCNKdzicVZhl4qUhGpLKQ8vYNMU+pm3PtSBwY32wXw+k0nh6+XBhrKnZ4/o8QeMCV5x7XTtJfW//Q==",
      "requires": {
        "es-mime-types": "^0.1.4",
        "negotiator": "^0.6.2"
      }
    },
    "@tinyhttp/app": {
      "version": "2.0.12",
      "resolved": "https://registry.npmjs.org/@tinyhttp/app/-/app-2.0.12.tgz",
      "integrity": "sha512-8Vjx1FPAqgLfjEHngAA0kWiodFmf6lInhUzCEqeucQgosYxMBo+89zmzNR4cSRCvNLq6Unvqvlwl1JJztFrbYw==",
      "requires": {
        "@tinyhttp/cookie": "2.0.3",
        "@tinyhttp/proxy-addr": "2.0.2",
        "@tinyhttp/req": "2.0.8",
        "@tinyhttp/res": "2.0.9",
        "@tinyhttp/router": "2.0.4",
        "header-range-parser": "^1.1.1",
        "regexparam": "^2.0.0"
      }
    },
    "@tinyhttp/content-disposition": {
      "version": "2.0.4",
      "resolved": "https://registry.npmjs.org/@tinyhttp/content-disposition/-/content-disposition-2.0.4.tgz",
      "integrity": "sha512-SGU8nVfDbiJa5eCA7BWUEMjSaf/b6nLQHEzuzmKhA3BIGHuBWXSIcr1dGeLopmohQoZkIQfk5psM5TOgVgrraA=="
    },
    "@tinyhttp/cookie": {
      "version": "2.0.3",
      "resolved": "https://registry.npmjs.org/@tinyhttp/cookie/-/cookie-2.0.3.tgz",
      "integrity": "sha512-ZHvDHyNc0VwKLgFqwCNbrMObJqJHKQNnMARdPlK2+VvKVB3h/ZT5kYAXYFxxWFJFNqXaXz0E7i2kX32bMeMGUw=="
    },
    "@tinyhttp/cookie-signature": {
      "version": "2.0.2",
      "resolved": "https://registry.npmjs.org/@tinyhttp/cookie-signature/-/cookie-signature-2.0.2.tgz",
      "integrity": "sha512-lyIdDzLILp6T2fymJn9zKBgXwlZMIUiqMUIEd4x/ZGFNvnNs/zeYDBQFdAygBtv4Bgl5Zpf6tN+e6fkj6TlMYQ=="
    },
    "@tinyhttp/encode-url": {
      "version": "2.0.3",
      "resolved": "https://registry.npmjs.org/@tinyhttp/encode-url/-/encode-url-2.0.3.tgz",
      "integrity": "sha512-bAKjBLhYTZZgLphZ9B09Q8bQ39RejEiB1+3Rjjmkb/Q2cIKOWvRNTgkeQ3D6ITefxW9KMPE9eab51PPYhFbvbg=="
    },
    "@tinyhttp/etag": {
      "version": "2.0.2",
      "resolved": "https://registry.npmjs.org/@tinyhttp/etag/-/etag-2.0.2.tgz",
      "integrity": "sha512-utxkv5skxWJESUAKZk7F11DcgBiE4vBXiPfnWZcGNZDa6T372V2ESUD2Y7fV85bsC1/4ZrnnmS7lg9Nd401oLw=="
    },
    "@tinyhttp/forwarded": {
      "version": "2.0.2",
      "resolved": "https://registry.npmjs.org/@tinyhttp/forwarded/-/forwarded-2.0.2.tgz",
      "integrity": "sha512-q+l7xMyN7buYjUfWbepLM36lI7FZmv+sm0arqzFGrTVWfEbKLiHTv+5c7H3O8/aYcxuyR4cBUrmwT6jw4dZhFw=="
    },
    "@tinyhttp/proxy-addr": {
      "version": "2.0.2",
      "resolved": "https://registry.npmjs.org/@tinyhttp/proxy-addr/-/proxy-addr-2.0.2.tgz",
      "integrity": "sha512-wuXpzG9XsUQ2/YvCL5BSvp1JXc5HIuXlVJhMqdC0wv8iKF3hHv62H5XVd/wvzo/OWgiqt4hjxA4wITzND5Ed+g==",
      "requires": {
        "@tinyhttp/forwarded": "2.0.2",
        "ipaddr.js": "^2.0.1"
      }
    },
    "@tinyhttp/req": {
      "version": "2.0.8",
      "resolved": "https://registry.npmjs.org/@tinyhttp/req/-/req-2.0.8.tgz",
      "integrity": "sha512-Hndl83KEHJd2oDw2kdg1NmroYj1fjPBRpVXbgmbJ3+Yz5yInaugnbD1FAjL2sPX0ZMwDF+x3wlBrULRGQzccxw==",
      "requires": {
        "@tinyhttp/accepts": "2.0.4",
        "@tinyhttp/type-is": "2.0.3",
        "@tinyhttp/url": "2.0.3",
        "es-fresh": "^0.0.10",
        "header-range-parser": "^1.1.1"
      }
    },
    "@tinyhttp/res": {
      "version": "2.0.9",
      "resolved": "https://registry.npmjs.org/@tinyhttp/res/-/res-2.0.9.tgz",
      "integrity": "sha512-twHhwFiGah3i9erm9Ky7fIxVYTmE7qJCNp1F11XkYHx6ZrG6gNR/xDcsmde8cak+jJOrLBX62rjcSSAMUqPpZQ==",
      "requires": {
        "@tinyhttp/content-disposition": "2.0.4",
        "@tinyhttp/cookie": "2.0.3",
        "@tinyhttp/cookie-signature": "2.0.2",
        "@tinyhttp/encode-url": "2.0.3",
        "@tinyhttp/req": "2.0.8",
        "@tinyhttp/send": "2.0.3",
        "es-escape-html": "^0.1.1",
        "es-mime-types": "^0.1.4",
        "es-vary": "^0.1.1"
      }
    },
    "@tinyhttp/router": {
      "version": "2.0.4",
      "resolved": "https://registry.npmjs.org/@tinyhttp/router/-/router-2.0.4.tgz",
      "integrity": "sha512-mO8jWrB951UTkX8akzhHa5UMjQKleNhbQDnd4EZSA7VOXE9n28tqHmYgg1G/czDL6gwRl6Bppj5crJIbvMDGwg=="
    },
    "@tinyhttp/send": {
      "version": "2.0.3",
      "resolved": "https://registry.npmjs.org/@tinyhttp/send/-/send-2.0.3.tgz",
      "integrity": "sha512-oU4Q6NJzXJeOVCdYbgtOFlq5viEpKUFkZVpbF5AqFD64yzPp2vX9MuiSVvrIzL9Ls2qR+OzWsrwuXIkKzjW+xg==",
      "requires": {
        "@tinyhttp/etag": "2.0.2",
        "es-content-type": "^0.1.0",
        "es-mime-types": "^0.1.4"
      }
    },
    "@tinyhttp/type-is": {
      "version": "2.0.3",
      "resolved": "https://registry.npmjs.org/@tinyhttp/type-is/-/type-is-2.0.3.tgz",
      "integrity": "sha512-vmOvbI7dSue4oV5JRbEpgJGgsfQE/Gd6eqEIhdeRO0jcVUzJaYx2/XvBGbBG9Mo8MGFjiEiq7qBzeOFctCmXBw==",
      "requires": {
        "es-content-type": "^0.1.0",
        "es-mime-types": "^0.1.4"
      }
    },
    "@tinyhttp/url": {
      "version": "2.0.3",
      "resolved": "https://registry.npmjs.org/@tinyhttp/url/-/url-2.0.3.tgz",
      "integrity": "sha512-0KRWSE0W4hjejHJ1ksmUIIp3Rvn/6nDa5sYQ7gjwsixYQ8J8vTSOtPI7FOkH9M/evsnCGrCYp5JNBnqTjkShTw=="
    },
    "es-content-type": {
      "version": "0.1.0",
      "resolved": "https://registry.npmjs.org/es-content-type/-/es-content-type-0.1.0.tgz",
      "integrity": "sha512-DqWU9pSzhNlO10q+NQ/KebImLkKbwbcy0pSv3hNQfEpKFHsrqDJz2vajpZdq7nkiG9DoJcTh22oHGymp7XJd9g=="
    },
    "es-escape-html": {
      "version": "0.1.1",
      "resolved": "https://registry.npmjs.org/es-escape-html/-/es-escape-html-0.1.1.tgz",
      "integrity": "sha512-yUx1o+8RsG7UlszmYPtks+dm6Lho2m8lgHMOsLJQsFI0R8XwUJwiMhM1M4E/S8QLeGyf6MkDV/pWgjQ0tdTSyQ=="
    },
    "es-fresh": {
      "version": "0.0.10",
      "resolved": "https://registry.npmjs.org/es-fresh/-/es-fresh-0.0.10.tgz",
      "integrity": "sha512-/e5etUqtxj7JktALldpsDNC84DOHavN9PqojnTTGeX1M2/Q4/SF8d55d7AsB3n66WYS43hdBbn0sAllto5kSIg=="
    },
    "es-mime-types": {
      "version": "0.1.4",
      "resolved": "https://registry.npmjs.org/es-mime-types/-/es-mime-types-0.1.4.tgz",
      "integrity": "sha512-rUrmfrUIHU/4ykYB+YH80LDiSpmn6sE/A9E8EsFZP4LCtf/PH+ju6d6goFJ8fsGf81pRtQn1cJSmp8JGA9YkfQ==",
      "requires": {
        "mime-db": "^1.50.0"
      }
    },
    "es-vary": {
      "version": "0.1.1",
      "resolved": "https://registry.npmjs.org/es-vary/-/es-vary-0.1.1.tgz",
      "integrity": "sha512-4UOWrTu8lz5otSyWxcS0LbYz8WyYOEiWHGkBIu0VfhTsY+vtc7+fOSDHsxtEUBeu7mDnTwqsKg5NEXeq5Da1Hg=="
    },
    "header-range-parser": {
      "version": "1.1.1",
      "resolved": "https://registry.npmjs.org/header-range-parser/-/header-range-parser-1.1.1.tgz",
      "integrity": "sha512-aVuAHdlgxPCMkOtKTdUoH72eAHEAqmZqA+oQxvDv1DkYS50KgCt218AYd89/+Pd7+TFQimzn/9LNVfUPEBbRDQ=="
    },
    "ipaddr.js": {
      "version": "2.0.1",
      "resolved": "https://registry.npmjs.org/ipaddr.js/-/ipaddr.js-2.0.1.tgz",
      "integrity": "sha512-1qTgH9NG+IIJ4yfKs2e6Pp1bZg8wbDbKHT21HrLIeYBTRLgMYKnMTPAuI3Lcs61nfx5h1xlXnbJtH1kX5/d/ng=="
    },
    "mime-db": {
      "version": "1.51.0",
      "resolved": "https://registry.npmjs.org/mime-db/-/mime-db-1.51.0.tgz",
      "integrity": "sha512-5y8A56jg7XVQx2mbv1lu49NR4dokRnhZYTtL+KGfaa27uq4pSTXkwQkFJl4pkRMyNFz/EtYDSkiiEHx3F7UN6g=="
    },
    "negotiator": {
      "version": "0.6.2",
      "resolved": "https://registry.npmjs.org/negotiator/-/negotiator-0.6.2.tgz",
      "integrity": "sha512-hZXc7K2e+PgeI1eDBe/10Ard4ekbfrrqG8Ep+8Jmf4JID2bNg7NvCPOZN+kfF574pFQI7mum2AUqDidoKqcTOw=="
    },
    "regexparam": {
      "version": "2.0.0",
      "resolved": "https://registry.npmjs.org/regexparam/-/regexparam-2.0.0.tgz",
      "integrity": "sha512-gJKwd2MVPWHAIFLsaYDZfyKzHNS4o7E/v8YmNf44vmeV2e4YfVoDToTOKTvE7ab68cRJ++kLuEXJBaEeJVt5ow=="
    }
  }
}
